
Microsoft Visual Studio Solution File, Format Version 12.00
# Visual Studio Version 17
VisualStudioVersion = 17.0.32014.148
MinimumVisualStudioVersion = 10.0.40219.1
Project("{9A19103F-16F7-4668-BE54-9A1E7A4F7556}") = "Book Store", "Book Store\Book Store.csproj", "{737B3A50-EB57-407A-B33B-DCEB7055C704}"
EndProject
Global
	GlobalSection(SolutionConfigurationPlatforms) = preSolution
		Debug|Any CPU = Debug|Any CPU
		Release|Any CPU = Release|Any CPU
	EndGlobalSection
	GlobalSection(ProjectConfigurationPlatforms) = postSolution
		{737B3A50-EB57-407A-B33B-DCEB7055C704}.Debug|Any CPU.ActiveCfg = Debug|Any CPU
		{737B3A50-EB57-407A-B33B-DCEB7055C704}.Debug|Any CPU.Build.0 = Debug|Any CPU
		{737B3A50-EB57-407A-B33B-DCEB7055C704}.Release|Any CPU.ActiveCfg = Release|Any CPU
		{737B3A50-EB57-407A-B33B-DCEB7055C704}.Release|Any CPU.Build.0 = Release|Any CPU
	EndGlobalSection
	GlobalSection(SolutionProperties) = preSolution
		HideSolutionNode = FALSE
	EndGlobalSection
	GlobalSection(ExtensibilityGlobals) = postSolution
		SolutionGuid = {4BD1BC02-41FB-4247-8D98-6DED39E95466}
	EndGlobalSection
EndGlobal
